
Microsoft Visual Studio Solution File, Format Version 12.00
# Visual Studio Version 17
VisualStudioVersion = 17.5.2.0
MinimumVisualStudioVersion = 10.0.40219.1
Project("{FAE04EC0-301F-11D3-BF4B-00C04F79EFBC}") = "Batch.TransacaoFinanceira", "Batch.TransacaoFinanceira\Batch.TransacaoFinanceira.csproj", "{4469E037-BC1A-2106-692D-270D1BC2AFC7}"
EndProject
Project("{FAE04EC0-301F-11D3-BF4B-00C04F79EFBC}") = "Batch.TransacaoFinanceira.Tests", "Batch.TransacaoFinanceira.Tests\Batch.TransacaoFinanceira.Tests.csproj", "{BFD7FA6C-2CDF-482A-AEB1-1D0D3286CD6A}"
EndProject
Global
	GlobalSection(SolutionConfigurationPlatforms) = preSolution
		Debug|Any CPU = Debug|Any CPU
		Debug|x64 = Debug|x64
		Debug|x86 = Debug|x86
		Release|Any CPU = Release|Any CPU
		Release|x64 = Release|x64
		Release|x86 = Release|x86
	EndGlobalSection
	GlobalSection(ProjectConfigurationPlatforms) = postSolution
		{4469E037-BC1A-2106-692D-270D1BC2AFC7}.Debug|Any CPU.ActiveCfg = Debug|Any CPU
		{4469E037-BC1A-2106-692D-270D1BC2AFC7}.Debug|Any CPU.Build.0 = Debug|Any CPU
		{4469E037-BC1A-2106-692D-270D1BC2AFC7}.Debug|x64.ActiveCfg = Debug|Any CPU
		{4469E037-BC1A-2106-692D-270D1BC2AFC7}.Debug|x64.Build.0 = Debug|Any CPU
		{4469E037-BC1A-2106-692D-270D1BC2AFC7}.Debug|x86.ActiveCfg = Debug|Any CPU
		{4469E037-BC1A-2106-692D-270D1BC2AFC7}.Debug|x86.Build.0 = Debug|Any CPU
		{4469E037-BC1A-2106-692D-270D1BC2AFC7}.Release|Any CPU.ActiveCfg = Release|Any CPU
		{4469E037-BC1A-2106-692D-270D1BC2AFC7}.Release|Any CPU.Build.0 = Release|Any CPU
		{4469E037-BC1A-2106-692D-270D1BC2AFC7}.Release|x64.ActiveCfg = Release|Any CPU
		{4469E037-BC1A-2106-692D-270D1BC2AFC7}.Release|x64.Build.0 = Release|Any CPU
		{4469E037-BC1A-2106-692D-270D1BC2AFC7}.Release|x86.ActiveCfg = Release|Any CPU
		{4469E037-BC1A-2106-692D-270D1BC2AFC7}.Release|x86.Build.0 = Release|Any CPU
		{BFD7FA6C-2CDF-482A-AEB1-1D0D3286CD6A}.Debug|Any CPU.ActiveCfg = Debug|Any CPU
		{BFD7FA6C-2CDF-482A-AEB1-1D0D3286CD6A}.Debug|Any CPU.Build.0 = Debug|Any CPU
		{BFD7FA6C-2CDF-482A-AEB1-1D0D3286CD6A}.Debug|x64.ActiveCfg = Debug|Any CPU
		{BFD7FA6C-2CDF-482A-AEB1-1D0D3286CD6A}.Debug|x64.Build.0 = Debug|Any CPU
		{BFD7FA6C-2CDF-482A-AEB1-1D0D3286CD6A}.Debug|x86.ActiveCfg = Debug|Any CPU
		{BFD7FA6C-2CDF-482A-AEB1-1D0D3286CD6A}.Debug|x86.Build.0 = Debug|Any CPU
		{BFD7FA6C-2CDF-482A-AEB1-1D0D3286CD6A}.Release|Any CPU.ActiveCfg = Release|Any CPU
		{BFD7FA6C-2CDF-482A-AEB1-1D0D3286CD6A}.Release|Any CPU.Build.0 = Release|Any CPU
		{BFD7FA6C-2CDF-482A-AEB1-1D0D3286CD6A}.Release|x64.ActiveCfg = Release|Any CPU
		{BFD7FA6C-2CDF-482A-AEB1-1D0D3286CD6A}.Release|x64.Build.0 = Release|Any CPU
		{BFD7FA6C-2CDF-482A-AEB1-1D0D3286CD6A}.Release|x86.ActiveCfg = Release|Any CPU
		{BFD7FA6C-2CDF-482A-AEB1-1D0D3286CD6A}.Release|x86.Build.0 = Release|Any CPU
	EndGlobalSection
	GlobalSection(SolutionProperties) = preSolution
		HideSolutionNode = FALSE
	EndGlobalSection
	GlobalSection(ExtensibilityGlobals) = postSolution
		SolutionGuid = {ECE180C8-A931-4BD1-8B6D-40456513E5E3}
	EndGlobalSection
EndGlobal
